Microsoft Visual Studio Solution File, Format Version 12.00
# Visual Studio Version 17
VisualStudioVersion = 17.5.2.0
MinimumVisualStudioVersion = 10.0.40219.1
Project("{2150E333-8FDC-42A3-9474-1A3956D46DE8}") = "server", "server", "{DAD03CFC-D5FA-AC94-41C7-9ABAB326F09E}"
EndProject
Project("{FAE04EC0-301F-11D3-BF4B-00C04F79EFBC}") = "Todo.Api", "server\Todo.Api\Todo.Api.csproj", "{06D5B3D0-103C-01CD-64BC-0920EAF40001}"
EndProject
Global
	GlobalSection(SolutionConfigurationPlatforms) = preSolution
		Debug|Any CPU = Debug|Any CPU
		Release|Any CPU = Release|Any CPU
	EndGlobalSection
	GlobalSection(ProjectConfigurationPlatforms) = postSolution
		{06D5B3D0-103C-01CD-64BC-0920EAF40001}.Debug|Any CPU.ActiveCfg = Debug|Any CPU
		{06D5B3D0-103C-01CD-64BC-0920EAF40001}.Debug|Any CPU.Build.0 = Debug|Any CPU
		{06D5B3D0-103C-01CD-64BC-0920EAF40001}.Release|Any CPU.ActiveCfg = Release|Any CPU
		{06D5B3D0-103C-01CD-64BC-0920EAF40001}.Release|Any CPU.Build.0 = Release|Any CPU
	EndGlobalSection
	GlobalSection(SolutionProperties) = preSolution
		HideSolutionNode = FALSE
	EndGlobalSection
	GlobalSection(NestedProjects) = preSolution
		{06D5B3D0-103C-01CD-64BC-0920EAF40001} = {DAD03CFC-D5FA-AC94-41C7-9ABAB326F09E}
	EndGlobalSection
	GlobalSection(ExtensibilityGlobals) = postSolution
		SolutionGuid = {0D7DD428-CF3F-41E8-AB8E-0EE2E6395BE9}
	EndGlobalSection
EndGlobal
